{
  "version": "4",
  "specifiers": {
    "jsr:@deno/cache-dir@0.13.2": "0.13.2",
    "jsr:@deno/emit@0.46.0": "0.46.0",
    "jsr:@std/assert@0.223": "0.223.0",
    "jsr:@std/bytes@0.223": "0.223.0",
    "jsr:@std/fmt@0.223": "0.223.0",
    "jsr:@std/fs@0.223": "0.223.0",
    "jsr:@std/io@0.223": "0.223.0",
    "jsr:@std/path@0.223": "0.223.0"
  },
  "jsr": {
    "@deno/cache-dir@0.13.2": {
      "integrity": "c22419dfe27ab85f345bee487aaaadba498b005cce3644e9d2528db035c5454d",
      "dependencies": [
        "jsr:@std/fmt",
        "jsr:@std/fs",
        "jsr:@std/io",
        "jsr:@std/path"
      ]
    },
    "@deno/emit@0.46.0": {
      "integrity": "e276be2c77bac1b93caf775762e2a49a54cb00da2d48ca2b01ed8d7cba9d082c",
      "dependencies": [
        "jsr:@deno/cache-dir",
        "jsr:@std/path"
      ]
    },
    "@std/assert@0.223.0": {
      "integrity": "eb8d6d879d76e1cc431205bd346ed4d88dc051c6366365b1af47034b0670be24"
    },
    "@std/bytes@0.223.0": {
      "integrity": "84b75052cd8680942c397c2631318772b295019098f40aac5c36cead4cba51a8"
    },
    "@std/fmt@0.223.0": {
      "integrity": "6deb37794127dfc7d7bded2586b9fc6f5d50e62a8134846608baf71ffc1a5208"
    },
    "@std/fs@0.223.0": {
      "integrity": "3b4b0550b2c524cbaaa5a9170c90e96cbb7354e837ad1bdaf15fc9df1ae9c31c"
    },
    "@std/io@0.223.0": {
      "integrity": "2d8c3c2ab3a515619b90da2c6ff5ea7b75a94383259ef4d02116b228393f84f1",
      "dependencies": [
        "jsr:@std/assert",
        "jsr:@std/bytes"
      ]
    },
    "@std/path@0.223.0": {
      "integrity": "593963402d7e6597f5a6e620931661053572c982fc014000459edc1f93cc3989",
      "dependencies": [
        "jsr:@std/assert"
      ]
    }
  },
  "remote": {
    "https://deno.land/x/esbuild@v0.20.2/wasm.js": "5a887c1e38ad1056af11c58d45b6084d33bd33a62afa480d805801739370eed0",
    "https://deno.land/x/esbuild@v0.23.0/wasm.js": "3ae25d5ac47af19b2aff2801107aa848339a3ee04431a44b73e93a0991fa5160",
    "https://deno.land/x/esbuild@v0.24.0/wasm.js": "5cd1dd0c40214d06bd86177b4ffebfbb219a22114f78c14c23606f7ad216c174",
    "https://esm.sh/compromise@14.14.3/three": "3c9a4937e593c2cc93f3028263371e8f548ffb051a1923872ec371183db07577",
    "https://esm.sh/v135/compromise@14.14.3/denonext/three.js": "4fb2a4972bac96c4a88c419ff6573f6bdb868a039f62c0efac025844bbe8d7d6",
    "https://esm.sh/v135/compromise@14.14.3/denonext/tokenize.js": "704cd8cb21a21463ffd2d7cdb8cae450ceafa43b4b1b2971334979655c6104cc",
    "https://esm.sh/v135/compromise@14.14.3/denonext/two.js": "27afc9c6aebfa1149f166ca12ade13578b520ae77112223bef4cf4f15af3afa8",
    "https://esm.sh/v135/efrt@2.7.0/denonext/efrt.mjs": "ad0032f50ecea58000efa08931ae181aaaf01dd32479fe778ff41c9d190e12fb",
    "https://esm.sh/v135/efrt@2.7.0/denonext/unpack.js": "207e4b16f112b258e10f3bb4344abdede36c0e614ccf5abaa708375cf65bad1e",
    "https://esm.sh/v135/grad-school@0.0.5/denonext/grad-school.mjs": "f2ddedfbe360f61960d85b901e41af8296d5d8dc980945c3facb16eb7ab47761",
    "https://esm.sh/v135/suffix-thumb@5.0.2/denonext/suffix-thumb.mjs": "162c69c59e891d3e6438adfb53644d2ce76604f2b88c89a99b08afe4aba6d7ea"
  },
  "workspace": {
    "dependencies": [
      "jsr:@deno/emit@0.46.0"
    ]
  }
}
