{
  "version": "5",
  "specifiers": {
    "jsr:@std/assert@^1.0.18": "1.0.18",
    "jsr:@std/async@^1.1.1": "1.1.1",
    "jsr:@std/cache@~0.2.2": "0.2.2",
    "jsr:@std/collections@^1.1.5": "1.1.5",
    "jsr:@std/fs@^1.0.22": "1.0.22",
    "jsr:@std/html@^1.0.5": "1.0.5",
    "jsr:@std/internal@^1.0.12": "1.0.12",
    "jsr:@std/path@^1.1.4": "1.1.4",
    "jsr:@std/random@~0.1.5": "0.1.5",
    "jsr:@std/regexp@^1.0.1": "1.0.1",
    "jsr:@std/text@^1.0.17": "1.0.17",
    "npm:@types/node@*": "24.2.0",
    "npm:browser-dtector@^4.1.1": "4.1.1",
    "npm:compromise@^14.14.5": "14.14.5"
  },
  "jsr": {
    "@std/assert@1.0.18": {
      "integrity": "270245e9c2c13b446286de475131dc688ca9abcd94fc5db41d43a219b34d1c78",
      "dependencies": [
        "jsr:@std/internal"
      ]
    },
    "@std/async@1.1.1": {
      "integrity": "8a79beb3378cc229ce65ba2c746cfd03e4855ddd891d1eb6b9e32128e0d5339c"
    },
    "@std/cache@0.2.2": {
      "integrity": "4c8fb31c7553837b537f55e26c9c91b2784f9a8c64f43772a7884a059b04d46e"
    },
    "@std/collections@1.1.5": {
      "integrity": "c37cc6bbbbf90fec3e782535a46c9c8a3210f19118c61add71fcea86b0ffd491"
    },
    "@std/fs@1.0.22": {
      "integrity": "de0f277a58a867147a8a01bc1b181d0dfa80bfddba8c9cf2bacd6747bcec9308",
      "dependencies": [
        "jsr:@std/internal",
        "jsr:@std/path"
      ]
    },
    "@std/html@1.0.5": {
      "integrity": "4e2d693f474cae8c16a920fa5e15a3b72267b94b84667f11a50c6dd1cb18d35e"
    },
    "@std/internal@1.0.12": {
      "integrity": "972a634fd5bc34b242024402972cd5143eac68d8dffaca5eaa4dba30ce17b027"
    },
    "@std/path@1.1.4": {
      "integrity": "1d2d43f39efb1b42f0b1882a25486647cb851481862dc7313390b2bb044314b5",
      "dependencies": [
        "jsr:@std/internal"
      ]
    },
    "@std/random@0.1.5": {
      "integrity": "d26614c4f6c441afc22397a1c5b8f27d02ab8f5572f1d29e7b0cd57f3d548235"
    },
    "@std/regexp@1.0.1": {
      "integrity": "5179d823465085c5480dafb44438466e83c424fadc61ba31f744050ecc0f596d"
    },
    "@std/text@1.0.17": {
      "integrity": "4b2c4ef67ae5b6c1dfd447c81c83a43718f52e3c7e748d8b33f694aba9895f95",
      "dependencies": [
        "jsr:@std/regexp"
      ]
    }
  },
  "npm": {
    "@types/node@24.2.0": {
      "integrity": "sha512-3xyG3pMCq3oYCNg7/ZP+E1ooTaGB4cG8JWRsqqOYQdbWNY4zbaV0Ennrd7stjiJEFZCaybcIgpTjJWHRfBSIDw==",
      "dependencies": [
        "undici-types"
      ]
    },
    "browser-dtector@4.1.1": {
      "integrity": "sha512-taJAx2vDx7yE17sceWLQ42kqQxp/8LlfL8EGg9xf4KGL1HSQtvJ4kVXmlduL88DaKQ0M+NysvvYp3Z8BqdBhBQ=="
    },
    "compromise@14.14.5": {
      "integrity": "sha512-9qWxpOWo4crzvbdxAYDTwO6z0WljXwi6mL7CqCjAXKn7QtFijmSj7fCyAqGWldCVT2zNboMvg4kNL06drMg2Vw==",
      "dependencies": [
        "efrt",
        "grad-school",
        "suffix-thumb"
      ]
    },
    "efrt@2.7.0": {
      "integrity": "sha512-/RInbCy1d4P6Zdfa+TMVsf/ufZVotat5hCw3QXmWtjU+3pFEOvOQ7ibo3aIxyCJw2leIeAMjmPj+1SLJiCpdrQ=="
    },
    "grad-school@0.0.5": {
      "integrity": "sha512-rXunEHF9M9EkMydTBux7+IryYXEZinRk6g8OBOGDBzo/qWJjhTxy86i5q7lQYpCLHN8Sqv1XX3OIOc7ka2gtvQ=="
    },
    "suffix-thumb@5.0.2": {
      "integrity": "sha512-I5PWXAFKx3FYnI9a+dQMWNqTxoRt6vdBdb0O+BJ1sxXCWtSoQCusc13E58f+9p4MYx/qCnEMkD5jac6K2j3dgA=="
    },
    "undici-types@7.10.0": {
      "integrity": "sha512-t5Fy/nfn+14LuOc2KNYg75vZqClpAiqscVvMygNnlsHBFpSXdJaYtXMcdNLpl/Qvc3P2cB3s6lOV51nqsFq4ag=="
    }
  },
  "workspace": {
    "dependencies": [
      "jsr:@std/assert@^1.0.18",
      "jsr:@std/async@^1.1.1",
      "jsr:@std/cache@~0.2.2",
      "jsr:@std/collections@^1.1.5",
      "jsr:@std/fs@^1.0.22",
      "jsr:@std/html@^1.0.5",
      "jsr:@std/random@~0.1.5",
      "jsr:@std/regexp@^1.0.1",
      "jsr:@std/text@^1.0.17",
      "npm:browser-dtector@^4.1.1",
      "npm:compromise@^14.14.5"
    ]
  }
}
